
Microsoft Visual Studio Solution File, Format Version 12.00
# Visual Studio Version 16
VisualStudioVersion = 16.0.30114.105
MinimumVisualStudioVersion = 10.0.40219.1
Project("{FAE04EC0-301F-11D3-BF4B-00C04F79EFBC}") = "Mongo.ODM", "Mongo.ODM\Mongo.ODM.csproj", "{AAB00307-D3C6-4FF9-B50A-D3F0CE178419}"
EndProject
Project("{FAE04EC0-301F-11D3-BF4B-00C04F79EFBC}") = "MongoDB.DriverEx", "MongoDB.DriverEx\MongoDB.DriverEx.csproj", "{F9F1F322-A02C-4ED6-A73B-3C5959990B99}"
EndProject
Project("{FAE04EC0-301F-11D3-BF4B-00C04F79EFBC}") = "Mongo.ODM.SourceGenerator", "Mongo.ODM.SourceGenerator\Mongo.ODM.SourceGenerator.csproj", "{8E400836-3045-45FE-842F-66DC50B914B3}"
EndProject
Global
	GlobalSection(SolutionConfigurationPlatforms) = preSolution
		Debug|Any CPU = Debug|Any CPU
		Release|Any CPU = Release|Any CPU
	EndGlobalSection
	GlobalSection(SolutionProperties) = preSolution
		HideSolutionNode = FALSE
	EndGlobalSection
	GlobalSection(ProjectConfigurationPlatforms) = postSolution
		{AAB00307-D3C6-4FF9-B50A-D3F0CE178419}.Debug|Any CPU.ActiveCfg = Debug|Any CPU
		{AAB00307-D3C6-4FF9-B50A-D3F0CE178419}.Debug|Any CPU.Build.0 = Debug|Any CPU
		{AAB00307-D3C6-4FF9-B50A-D3F0CE178419}.Release|Any CPU.ActiveCfg = Release|Any CPU
		{AAB00307-D3C6-4FF9-B50A-D3F0CE178419}.Release|Any CPU.Build.0 = Release|Any CPU
		{F9F1F322-A02C-4ED6-A73B-3C5959990B99}.Debug|Any CPU.ActiveCfg = Debug|Any CPU
		{F9F1F322-A02C-4ED6-A73B-3C5959990B99}.Debug|Any CPU.Build.0 = Debug|Any CPU
		{F9F1F322-A02C-4ED6-A73B-3C5959990B99}.Release|Any CPU.ActiveCfg = Release|Any CPU
		{F9F1F322-A02C-4ED6-A73B-3C5959990B99}.Release|Any CPU.Build.0 = Release|Any CPU
		{8E400836-3045-45FE-842F-66DC50B914B3}.Debug|Any CPU.ActiveCfg = Debug|Any CPU
		{8E400836-3045-45FE-842F-66DC50B914B3}.Debug|Any CPU.Build.0 = Debug|Any CPU
		{8E400836-3045-45FE-842F-66DC50B914B3}.Release|Any CPU.ActiveCfg = Release|Any CPU
		{8E400836-3045-45FE-842F-66DC50B914B3}.Release|Any CPU.Build.0 = Release|Any CPU
	EndGlobalSection
EndGlobal
